
Microsoft Visual Studio Solution File, Format Version 12.00
# Visual Studio Version 16
VisualStudioVersion = 16.0.29613.14
MinimumVisualStudioVersion = 10.0.40219.1
Project("{FAE04EC0-301F-11D3-BF4B-00C04F79EFBC}") = "32. Twenty Questions Quiz", "32. Twenty Questions Quiz\32. Twenty Questions Quiz.csproj", "{8D4C7081-DE37-45C3-BE1A-143265B53553}"
EndProject
Global
	GlobalSection(SolutionConfigurationPlatforms) = preSolution
		Debug|Any CPU = Debug|Any CPU
		Release|Any CPU = Release|Any CPU
	EndGlobalSection
	GlobalSection(ProjectConfigurationPlatforms) = postSolution
		{8D4C7081-DE37-45C3-BE1A-143265B53553}.Debug|Any CPU.ActiveCfg = Debug|Any CPU
		{8D4C7081-DE37-45C3-BE1A-143265B53553}.Debug|Any CPU.Build.0 = Debug|Any CPU
		{8D4C7081-DE37-45C3-BE1A-143265B53553}.Release|Any CPU.ActiveCfg = Release|Any CPU
		{8D4C7081-DE37-45C3-BE1A-143265B53553}.Release|Any CPU.Build.0 = Release|Any CPU
	EndGlobalSection
	GlobalSection(SolutionProperties) = preSolution
		HideSolutionNode = FALSE
	EndGlobalSection
	GlobalSection(ExtensibilityGlobals) = postSolution
		SolutionGuid = {851A9615-779E-41BD-9A49-4FC0C6F20030}
	EndGlobalSection
EndGlobal
