
Microsoft Visual Studio Solution File, Format Version 12.00
# Visual Studio Version 16
VisualStudioVersion = 16.0.29613.14
MinimumVisualStudioVersion = 10.0.40219.1
Project("{FAE04EC0-301F-11D3-BF4B-00C04F79EFBC}") = "27. A Little Quiz", "27. A Little Quiz\27. A Little Quiz.csproj", "{55225AC5-97BF-41CD-B946-033EB0859AAB}"
EndProject
Global
	GlobalSection(SolutionConfigurationPlatforms) = preSolution
		Debug|Any CPU = Debug|Any CPU
		Release|Any CPU = Release|Any CPU
	EndGlobalSection
	GlobalSection(ProjectConfigurationPlatforms) = postSolution
		{55225AC5-97BF-41CD-B946-033EB0859AAB}.Debug|Any CPU.ActiveCfg = Debug|Any CPU
		{55225AC5-97BF-41CD-B946-033EB0859AAB}.Debug|Any CPU.Build.0 = Debug|Any CPU
		{55225AC5-97BF-41CD-B946-033EB0859AAB}.Release|Any CPU.ActiveCfg = Release|Any CPU
		{55225AC5-97BF-41CD-B946-033EB0859AAB}.Release|Any CPU.Build.0 = Release|Any CPU
	EndGlobalSection
	GlobalSection(SolutionProperties) = preSolution
		HideSolutionNode = FALSE
	EndGlobalSection
	GlobalSection(ExtensibilityGlobals) = postSolution
		SolutionGuid = {A6F658EC-4414-4C17-942A-43ADDAC93A1E}
	EndGlobalSection
EndGlobal
