
Microsoft Visual Studio Solution File, Format Version 12.00
# Visual Studio Version 16
VisualStudioVersion = 16.0.29613.14
MinimumVisualStudioVersion = 10.0.40219.1
Project("{FAE04EC0-301F-11D3-BF4B-00C04F79EFBC}") = "8. Numbers and Maths", "8. Numbers and Maths\8. Numbers and Maths.csproj", "{1994BC9F-DD96-40B6-81CC-3CFED3583709}"
EndProject
Global
	GlobalSection(SolutionConfigurationPlatforms) = preSolution
		Debug|Any CPU = Debug|Any CPU
		Release|Any CPU = Release|Any CPU
	EndGlobalSection
	GlobalSection(ProjectConfigurationPlatforms) = postSolution
		{1994BC9F-DD96-40B6-81CC-3CFED3583709}.Debug|Any CPU.ActiveCfg = Debug|Any CPU
		{1994BC9F-DD96-40B6-81CC-3CFED3583709}.Debug|Any CPU.Build.0 = Debug|Any CPU
		{1994BC9F-DD96-40B6-81CC-3CFED3583709}.Release|Any CPU.ActiveCfg = Release|Any CPU
		{1994BC9F-DD96-40B6-81CC-3CFED3583709}.Release|Any CPU.Build.0 = Release|Any CPU
	EndGlobalSection
	GlobalSection(SolutionProperties) = preSolution
		HideSolutionNode = FALSE
	EndGlobalSection
	GlobalSection(ExtensibilityGlobals) = postSolution
		SolutionGuid = {E903875D-8D5C-4A67-92A7-320604E64CAB}
	EndGlobalSection
EndGlobal
