
Microsoft Visual Studio Solution File, Format Version 12.00
# Visual Studio Version 16
VisualStudioVersion = 16.0.29613.14
MinimumVisualStudioVersion = 10.0.40219.1
Project("{FAE04EC0-301F-11D3-BF4B-00C04F79EFBC}") = "12. Still Using Variables", "12. Still Using Variables\12. Still Using Variables.csproj", "{8886F6FF-C98A-47B4-8130-CFBF3265DAF5}"
EndProject
Global
	GlobalSection(SolutionConfigurationPlatforms) = preSolution
		Debug|Any CPU = Debug|Any CPU
		Release|Any CPU = Release|Any CPU
	EndGlobalSection
	GlobalSection(ProjectConfigurationPlatforms) = postSolution
		{8886F6FF-C98A-47B4-8130-CFBF3265DAF5}.Debug|Any CPU.ActiveCfg = Debug|Any CPU
		{8886F6FF-C98A-47B4-8130-CFBF3265DAF5}.Debug|Any CPU.Build.0 = Debug|Any CPU
		{8886F6FF-C98A-47B4-8130-CFBF3265DAF5}.Release|Any CPU.ActiveCfg = Release|Any CPU
		{8886F6FF-C98A-47B4-8130-CFBF3265DAF5}.Release|Any CPU.Build.0 = Release|Any CPU
	EndGlobalSection
	GlobalSection(SolutionProperties) = preSolution
		HideSolutionNode = FALSE
	EndGlobalSection
	GlobalSection(ExtensibilityGlobals) = postSolution
		SolutionGuid = {30AD217E-003E-410E-984F-57C0155DC2A0}
	EndGlobalSection
EndGlobal
