
Microsoft Visual Studio Solution File, Format Version 12.00
# Visual Studio Version 16
VisualStudioVersion = 16.0.29613.14
MinimumVisualStudioVersion = 10.0.40219.1
Project("{FAE04EC0-301F-11D3-BF4B-00C04F79EFBC}") = "5. Comments and Slashes", "5. Comments and Slashes\5. Comments and Slashes.csproj", "{F2C24CE5-7D86-45F9-8686-8B5F36773193}"
EndProject
Global
	GlobalSection(SolutionConfigurationPlatforms) = preSolution
		Debug|Any CPU = Debug|Any CPU
		Release|Any CPU = Release|Any CPU
	EndGlobalSection
	GlobalSection(ProjectConfigurationPlatforms) = postSolution
		{F2C24CE5-7D86-45F9-8686-8B5F36773193}.Debug|Any CPU.ActiveCfg = Debug|Any CPU
		{F2C24CE5-7D86-45F9-8686-8B5F36773193}.Debug|Any CPU.Build.0 = Debug|Any CPU
		{F2C24CE5-7D86-45F9-8686-8B5F36773193}.Release|Any CPU.ActiveCfg = Release|Any CPU
		{F2C24CE5-7D86-45F9-8686-8B5F36773193}.Release|Any CPU.Build.0 = Release|Any CPU
	EndGlobalSection
	GlobalSection(SolutionProperties) = preSolution
		HideSolutionNode = FALSE
	EndGlobalSection
	GlobalSection(ExtensibilityGlobals) = postSolution
		SolutionGuid = {C856B896-5DA1-4A09-94DB-CDD4D26ACE4A}
	EndGlobalSection
EndGlobal
