
Microsoft Visual Studio Solution File, Format Version 12.00
# Visual Studio Version 16
VisualStudioVersion = 16.0.29613.14
MinimumVisualStudioVersion = 10.0.40219.1
Project("{FAE04EC0-301F-11D3-BF4B-00C04F79EFBC}") = "Age", "Age\Age.csproj", "{978273E1-5BAB-4AC2-A1E9-999E8F2B8589}"
EndProject
Global
	GlobalSection(SolutionConfigurationPlatforms) = preSolution
		Debug|Any CPU = Debug|Any CPU
		Release|Any CPU = Release|Any CPU
	EndGlobalSection
	GlobalSection(ProjectConfigurationPlatforms) = postSolution
		{978273E1-5BAB-4AC2-A1E9-999E8F2B8589}.Debug|Any CPU.ActiveCfg = Debug|Any CPU
		{978273E1-5BAB-4AC2-A1E9-999E8F2B8589}.Debug|Any CPU.Build.0 = Debug|Any CPU
		{978273E1-5BAB-4AC2-A1E9-999E8F2B8589}.Release|Any CPU.ActiveCfg = Release|Any CPU
		{978273E1-5BAB-4AC2-A1E9-999E8F2B8589}.Release|Any CPU.Build.0 = Release|Any CPU
	EndGlobalSection
	GlobalSection(SolutionProperties) = preSolution
		HideSolutionNode = FALSE
	EndGlobalSection
	GlobalSection(ExtensibilityGlobals) = postSolution
		SolutionGuid = {13FE5402-F418-4D97-A89C-91004A206EF1}
	EndGlobalSection
EndGlobal
