
Microsoft Visual Studio Solution File, Format Version 12.00
# Visual Studio Version 16
VisualStudioVersion = 16.0.29613.14
MinimumVisualStudioVersion = 10.0.40219.1
Project("{FAE04EC0-301F-11D3-BF4B-00C04F79EFBC}") = "4. A Good First Program", "4. A Good First Program\4. A Good First Program.csproj", "{1962BB64-D1F6-4683-8A4A-649ED86A054B}"
EndProject
Global
	GlobalSection(SolutionConfigurationPlatforms) = preSolution
		Debug|Any CPU = Debug|Any CPU
		Release|Any CPU = Release|Any CPU
	EndGlobalSection
	GlobalSection(ProjectConfigurationPlatforms) = postSolution
		{1962BB64-D1F6-4683-8A4A-649ED86A054B}.Debug|Any CPU.ActiveCfg = Debug|Any CPU
		{1962BB64-D1F6-4683-8A4A-649ED86A054B}.Debug|Any CPU.Build.0 = Debug|Any CPU
		{1962BB64-D1F6-4683-8A4A-649ED86A054B}.Release|Any CPU.ActiveCfg = Release|Any CPU
		{1962BB64-D1F6-4683-8A4A-649ED86A054B}.Release|Any CPU.Build.0 = Release|Any CPU
	EndGlobalSection
	GlobalSection(SolutionProperties) = preSolution
		HideSolutionNode = FALSE
	EndGlobalSection
	GlobalSection(ExtensibilityGlobals) = postSolution
		SolutionGuid = {E81ADD62-9E14-4704-B840-D0F1272194D6}
	EndGlobalSection
EndGlobal
