
Microsoft Visual Studio Solution File, Format Version 12.00
# Visual Studio Version 16
VisualStudioVersion = 16.0.29613.14
MinimumVisualStudioVersion = 10.0.40219.1
Project("{FAE04EC0-301F-11D3-BF4B-00C04F79EFBC}") = "18. Age in five years", "18. Age in five years\18. Age in five years.csproj", "{7593CB47-A55D-43DA-AA15-A4DBBC6BDD45}"
EndProject
Global
	GlobalSection(SolutionConfigurationPlatforms) = preSolution
		Debug|Any CPU = Debug|Any CPU
		Release|Any CPU = Release|Any CPU
	EndGlobalSection
	GlobalSection(ProjectConfigurationPlatforms) = postSolution
		{7593CB47-A55D-43DA-AA15-A4DBBC6BDD45}.Debug|Any CPU.ActiveCfg = Debug|Any CPU
		{7593CB47-A55D-43DA-AA15-A4DBBC6BDD45}.Debug|Any CPU.Build.0 = Debug|Any CPU
		{7593CB47-A55D-43DA-AA15-A4DBBC6BDD45}.Release|Any CPU.ActiveCfg = Release|Any CPU
		{7593CB47-A55D-43DA-AA15-A4DBBC6BDD45}.Release|Any CPU.Build.0 = Release|Any CPU
	EndGlobalSection
	GlobalSection(SolutionProperties) = preSolution
		HideSolutionNode = FALSE
	EndGlobalSection
	GlobalSection(ExtensibilityGlobals) = postSolution
		SolutionGuid = {440FFA05-E6D2-4640-B329-DB499FC93E78}
	EndGlobalSection
EndGlobal
