
Microsoft Visual Studio Solution File, Format Version 12.00
# Visual Studio Version 16
VisualStudioVersion = 16.0.29613.14
MinimumVisualStudioVersion = 10.0.40219.1
Project("{FAE04EC0-301F-11D3-BF4B-00C04F79EFBC}") = "10. More Varaibles and Printing", "10. More Varaibles and Printing\10. More Varaibles and Printing.csproj", "{12B73AAA-D94F-4AEC-B854-83598472BB74}"
EndProject
Global
	GlobalSection(SolutionConfigurationPlatforms) = preSolution
		Debug|Any CPU = Debug|Any CPU
		Release|Any CPU = Release|Any CPU
	EndGlobalSection
	GlobalSection(ProjectConfigurationPlatforms) = postSolution
		{12B73AAA-D94F-4AEC-B854-83598472BB74}.Debug|Any CPU.ActiveCfg = Debug|Any CPU
		{12B73AAA-D94F-4AEC-B854-83598472BB74}.Debug|Any CPU.Build.0 = Debug|Any CPU
		{12B73AAA-D94F-4AEC-B854-83598472BB74}.Release|Any CPU.ActiveCfg = Release|Any CPU
		{12B73AAA-D94F-4AEC-B854-83598472BB74}.Release|Any CPU.Build.0 = Release|Any CPU
	EndGlobalSection
	GlobalSection(SolutionProperties) = preSolution
		HideSolutionNode = FALSE
	EndGlobalSection
	GlobalSection(ExtensibilityGlobals) = postSolution
		SolutionGuid = {E863D252-0106-424A-B30C-5B3B46DA4694}
	EndGlobalSection
EndGlobal
