
Microsoft Visual Studio Solution File, Format Version 12.00
# Visual Studio Version 16
VisualStudioVersion = 16.0.29613.14
MinimumVisualStudioVersion = 10.0.40219.1
Project("{FAE04EC0-301F-11D3-BF4B-00C04F79EFBC}") = "34. Age message 3", "34. Age message 3\34. Age message 3.csproj", "{ED36AA3F-BA7D-4166-8613-3664767F8294}"
EndProject
Global
	GlobalSection(SolutionConfigurationPlatforms) = preSolution
		Debug|Any CPU = Debug|Any CPU
		Release|Any CPU = Release|Any CPU
	EndGlobalSection
	GlobalSection(ProjectConfigurationPlatforms) = postSolution
		{ED36AA3F-BA7D-4166-8613-3664767F8294}.Debug|Any CPU.ActiveCfg = Debug|Any CPU
		{ED36AA3F-BA7D-4166-8613-3664767F8294}.Debug|Any CPU.Build.0 = Debug|Any CPU
		{ED36AA3F-BA7D-4166-8613-3664767F8294}.Release|Any CPU.ActiveCfg = Release|Any CPU
		{ED36AA3F-BA7D-4166-8613-3664767F8294}.Release|Any CPU.Build.0 = Release|Any CPU
	EndGlobalSection
	GlobalSection(SolutionProperties) = preSolution
		HideSolutionNode = FALSE
	EndGlobalSection
	GlobalSection(ExtensibilityGlobals) = postSolution
		SolutionGuid = {CC068DB4-D698-4315-B963-B7451E9F8F37}
	EndGlobalSection
EndGlobal
